
Microsoft Visual Studio Solution File, Format Version 11.00
# Visual Studio 2010
Project("{FAE04EC0-301F-11D3-BF4B-00C04F79EFBC}") = "DataBaseTool", "DataBaseTool_v1.0\DataBaseTool.csproj", "{0BB416D6-77F3-4A34-9497-46D7D63D9206}"
EndProject
Global
	GlobalSection(SolutionConfigurationPlatforms) = preSolution
		Debug|Any CPU = Debug|Any CPU
		Release|Any CPU = Release|Any CPU
	EndGlobalSection
	GlobalSection(ProjectConfigurationPlatforms) = postSolution
		{0BB416D6-77F3-4A34-9497-46D7D63D9206}.Debug|Any CPU.ActiveCfg = Debug|Any CPU
		{0BB416D6-77F3-4A34-9497-46D7D63D9206}.Debug|Any CPU.Build.0 = Debug|Any CPU
		{0BB416D6-77F3-4A34-9497-46D7D63D9206}.Release|Any CPU.ActiveCfg = Release|Any CPU
		{0BB416D6-77F3-4A34-9497-46D7D63D9206}.Release|Any CPU.Build.0 = Release|Any CPU
	EndGlobalSection
	GlobalSection(SolutionProperties) = preSolution
		HideSolutionNode = FALSE
	EndGlobalSection
EndGlobal
